
Microsoft Visual Studio Solution File, Format Version 12.00
# Visual Studio Version 17
VisualStudioVersion = 17.0.31919.166
MinimumVisualStudioVersion = 10.0.40219.1
Project("{FAE04EC0-301F-11D3-BF4B-00C04F79EFBC}") = "Album.Api", "Album.Api\Album.Api.csproj", "{83594E9F-E658-480B-9122-33E0F20CB904}"
EndProject
Project("{FAE04EC0-301F-11D3-BF4B-00C04F79EFBC}") = "Album.Api.Tests", "Album.Api.Tests\Album.Api.Tests.csproj", "{94D4D79F-322C-4F00-810E-49DE6C5F3B29}"
EndProject
Global
	GlobalSection(SolutionConfigurationPlatforms) = preSolution
		Debug|Any CPU = Debug|Any CPU
		Release|Any CPU = Release|Any CPU
	EndGlobalSection
	GlobalSection(ProjectConfigurationPlatforms) = postSolution
		{83594E9F-E658-480B-9122-33E0F20CB904}.Debug|Any CPU.ActiveCfg = Debug|Any CPU
		{83594E9F-E658-480B-9122-33E0F20CB904}.Debug|Any CPU.Build.0 = Debug|Any CPU
		{83594E9F-E658-480B-9122-33E0F20CB904}.Release|Any CPU.ActiveCfg = Release|Any CPU
		{83594E9F-E658-480B-9122-33E0F20CB904}.Release|Any CPU.Build.0 = Release|Any CPU
		{94D4D79F-322C-4F00-810E-49DE6C5F3B29}.Debug|Any CPU.ActiveCfg = Debug|Any CPU
		{94D4D79F-322C-4F00-810E-49DE6C5F3B29}.Debug|Any CPU.Build.0 = Debug|Any CPU
		{94D4D79F-322C-4F00-810E-49DE6C5F3B29}.Release|Any CPU.ActiveCfg = Release|Any CPU
		{94D4D79F-322C-4F00-810E-49DE6C5F3B29}.Release|Any CPU.Build.0 = Release|Any CPU
	EndGlobalSection
	GlobalSection(SolutionProperties) = preSolution
		HideSolutionNode = FALSE
	EndGlobalSection
	GlobalSection(ExtensibilityGlobals) = postSolution
		SolutionGuid = {661B2DA4-0E4E-43AC-B5FB-5110C7346BA5}
	EndGlobalSection
EndGlobal
